Microsoft Visual Studio Solution File, Format Version 12.00
# Visual Studio Version 16
VisualStudioVersion = 16.0.30804.86
MinimumVisualStudioVersion = 10.0.40219.1
Project("{9A19103F-16F7-4668-BE54-9A1E7A4F7556}") = "AuthServer", "WebApi\AuthServer.csproj", "{9D7CBD8B-3E1C-4C03-B6ED-721890E2F12D}"
EndProject
Project("{9A19103F-16F7-4668-BE54-9A1E7A4F7556}") = "Domain", "Domain\Domain.csproj", "{A827D3D8-BE4E-4423-836B-6A4CC89FD7C3}"
EndProject
Project("{9A19103F-16F7-4668-BE54-9A1E7A4F7556}") = "Infrastructure", "Infrastructure\Infrastructure.csproj", "{E6B37F43-FAE5-47A2-B368-153F5C3CDD0F}"
EndProject
Project("{9A19103F-16F7-4668-BE54-9A1E7A4F7556}") = "Persistence", "Persistence\Persistence.csproj", "{C576DC04-40FD-4EC4-821C-D82AD92E0F7C}"
EndProject
Project("{9A19103F-16F7-4668-BE54-9A1E7A4F7556}") = "Service", "Service\Service.csproj", "{003E1DB9-A28E-4883-86D3-33399BF6CDB1}"
EndProject
Project("{9A19103F-16F7-4668-BE54-9A1E7A4F7556}") = "Tests", "Tests\Tests.csproj", "{F1EC1862-40CF-4BB4-8EEC-3DDBB5635A02}"
EndProject
Global
	GlobalSection(SolutionConfigurationPlatforms) = preSolution
		Debug|Any CPU = Debug|Any CPU
		Release|Any CPU = Release|Any CPU
	EndGlobalSection
	GlobalSection(ProjectConfigurationPlatforms) = postSolution
		{9D7CBD8B-3E1C-4C03-B6ED-721890E2F12D}.Debug|Any CPU.ActiveCfg = Debug|Any CPU
		{9D7CBD8B-3E1C-4C03-B6ED-721890E2F12D}.Debug|Any CPU.Build.0 = Debug|Any CPU
		{9D7CBD8B-3E1C-4C03-B6ED-721890E2F12D}.Release|Any CPU.ActiveCfg = Release|Any CPU
		{9D7CBD8B-3E1C-4C03-B6ED-721890E2F12D}.Release|Any CPU.Build.0 = Release|Any CPU
		{A827D3D8-BE4E-4423-836B-6A4CC89FD7C3}.Debug|Any CPU.ActiveCfg = Debug|Any CPU
		{A827D3D8-BE4E-4423-836B-6A4CC89FD7C3}.Debug|Any CPU.Build.0 = Debug|Any CPU
		{A827D3D8-BE4E-4423-836B-6A4CC89FD7C3}.Release|Any CPU.ActiveCfg = Release|Any CPU
		{A827D3D8-BE4E-4423-836B-6A4CC89FD7C3}.Release|Any CPU.Build.0 = Release|Any CPU
		{E6B37F43-FAE5-47A2-B368-153F5C3CDD0F}.Debug|Any CPU.ActiveCfg = Debug|Any CPU
		{E6B37F43-FAE5-47A2-B368-153F5C3CDD0F}.Debug|Any CPU.Build.0 = Debug|Any CPU
		{E6B37F43-FAE5-47A2-B368-153F5C3CDD0F}.Release|Any CPU.ActiveCfg = Release|Any CPU
		{E6B37F43-FAE5-47A2-B368-153F5C3CDD0F}.Release|Any CPU.Build.0 = Release|Any CPU
		{C576DC04-40FD-4EC4-821C-D82AD92E0F7C}.Debug|Any CPU.ActiveCfg = Debug|Any CPU
		{C576DC04-40FD-4EC4-821C-D82AD92E0F7C}.Debug|Any CPU.Build.0 = Debug|Any CPU
		{C576DC04-40FD-4EC4-821C-D82AD92E0F7C}.Release|Any CPU.ActiveCfg = Release|Any CPU
		{C576DC04-40FD-4EC4-821C-D82AD92E0F7C}.Release|Any CPU.Build.0 = Release|Any CPU
		{003E1DB9-A28E-4883-86D3-33399BF6CDB1}.Debug|Any CPU.ActiveCfg = Debug|Any CPU
		{003E1DB9-A28E-4883-86D3-33399BF6CDB1}.Debug|Any CPU.Build.0 = Debug|Any CPU
		{003E1DB9-A28E-4883-86D3-33399BF6CDB1}.Release|Any CPU.ActiveCfg = Release|Any CPU
		{003E1DB9-A28E-4883-86D3-33399BF6CDB1}.Release|Any CPU.Build.0 = Release|Any CPU
		{F1EC1862-40CF-4BB4-8EEC-3DDBB5635A02}.Debug|Any CPU.ActiveCfg = Debug|Any CPU
		{F1EC1862-40CF-4BB4-8EEC-3DDBB5635A02}.Debug|Any CPU.Build.0 = Debug|Any CPU
		{F1EC1862-40CF-4BB4-8EEC-3DDBB5635A02}.Release|Any CPU.ActiveCfg = Release|Any CPU
		{F1EC1862-40CF-4BB4-8EEC-3DDBB5635A02}.Release|Any CPU.Build.0 = Release|Any CPU
		{D23C5570-80E4-4D47-BC21-C8226E6B0F12}.Debug|Any CPU.ActiveCfg = Debug|Any CPU
		{D23C5570-80E4-4D47-BC21-C8226E6B0F12}.Debug|Any CPU.Build.0 = Debug|Any CPU
		{D23C5570-80E4-4D47-BC21-C8226E6B0F12}.Release|Any CPU.ActiveCfg = Release|Any CPU
		{D23C5570-80E4-4D47-BC21-C8226E6B0F12}.Release|Any CPU.Build.0 = Release|Any CPU
		{82C2D16F-446E-406F-A493-B6D7309F8308}.Debug|Any CPU.ActiveCfg = Debug|Any CPU
		{82C2D16F-446E-406F-A493-B6D7309F8308}.Debug|Any CPU.Build.0 = Debug|Any CPU
		{82C2D16F-446E-406F-A493-B6D7309F8308}.Release|Any CPU.ActiveCfg = Release|Any CPU
		{82C2D16F-446E-406F-A493-B6D7309F8308}.Release|Any CPU.Build.0 = Release|Any CPU
	EndGlobalSection
	GlobalSection(SolutionProperties) = preSolution
		HideSolutionNode = FALSE
	EndGlobalSection
	GlobalSection(NestedProjects) = preSolution
		{9D7CBD8B-3E1C-4C03-B6ED-721890E2F12D} = {C8B9B5DE-3438-4154-9332-42125AC6B440}
		{A827D3D8-BE4E-4423-836B-6A4CC89FD7C3} = {C8B9B5DE-3438-4154-9332-42125AC6B440}
		{E6B37F43-FAE5-47A2-B368-153F5C3CDD0F} = {C8B9B5DE-3438-4154-9332-42125AC6B440}
		{C576DC04-40FD-4EC4-821C-D82AD92E0F7C} = {C8B9B5DE-3438-4154-9332-42125AC6B440}
		{003E1DB9-A28E-4883-86D3-33399BF6CDB1} = {C8B9B5DE-3438-4154-9332-42125AC6B440}
		{F1EC1862-40CF-4BB4-8EEC-3DDBB5635A02} = {C8B9B5DE-3438-4154-9332-42125AC6B440}
		{C8B9B5DE-3438-4154-9332-42125AC6B440} = {2066DF46-BB0E-41D3-9844-FA8E53C8A4F4}
		{82C2D16F-446E-406F-A493-B6D7309F8308} = {BCCD2003-6906-4816-B45B-966220B78156}
		{BCCD2003-6906-4816-B45B-966220B78156} = {500F2E7E-30D4-4032-8506-9F092D315D7A}
		{2066DF46-BB0E-41D3-9844-FA8E53C8A4F4} = {500F2E7E-30D4-4032-8506-9F092D315D7A}
	EndGlobalSection
	GlobalSection(ExtensibilityGlobals) = postSolution
		SolutionGuid = {EF97261C-4F91-4C9C-B913-315267E6C947}
	EndGlobalSection
EndGlobal
